{
  "nodes": {
    "frostix": {
      "inputs": {
        "nixpkgs": "nixpkgs"
      },
      "locked": {
        "lastModified": 1747752428,
        "narHash": "sha256-sOwvfj+vyVM52D5lgjjryHGS+GXbeduon9Q6F07QJ6E=",
        "owner": "shomykohai",
        "repo": "frostix",
        "rev": "2422208444d561594ec19512a9aaf1636b165e7e",
        "type": "github"
      },
      "original": {
        "owner": "shomykohai",
        "repo": "frostix",
        "type": "github"
      }
    },
    "nixpkgs": {
      "locked": {
        "lastModified": 1712449641,
        "narHash": "sha256-U9DDWMexN6o5Td2DznEgguh8TRIUnIl9levmit43GcI=",
        "owner": "NixOS",
        "repo": "nixpkgs",
        "rev": "600b15aea1b36eeb43833a50b0e96579147099ff",
        "type": "github"
      },
      "original": {
        "owner": "NixOS",
        "ref": "nixpkgs-unstable",
        "repo": "nixpkgs",
        "type": "github"
      }
    },
    "nixpkgs_2": {
      "locked": {
        "lastModified": 1744536153,
        "narHash": "sha256-awS2zRgF4uTwrOKwwiJcByDzDOdo3Q1rPZbiHQg/N38=",
        "owner": "NixOS",
        "repo": "nixpkgs",
        "rev": "18dd725c29603f582cf1900e0d25f9f1063dbf11",
        "type": "github"
      },
      "original": {
        "owner": "NixOS",
        "ref": "nixpkgs-unstable",
        "repo": "nixpkgs",
        "type": "github"
      }
    },
    "root": {
      "inputs": {
        "frostix": "frostix",
        "nixpkgs": "nixpkgs_2"
      }
    }
  },
  "root": "root",
  "version": 7
}
